// !$*UTF8*$!
{
	archiveVersion = 1;
	classes = {
	};
	objectVersion = 50;
	objects = {

/* Begin PBXBuildFile section */
		6F0BB9C924BB9836002435AE /* HomeViewController.swift in Sources */ = {isa = PBXBuildFile; fileRef = 6F0BB9C824BB9836002435AE /* HomeViewController.swift */; };
		6F3500AE24BAD43100413DA0 /* AppDelegate.swift in Sources */ = {isa = PBXBuildFile; fileRef = 6F3500AD24BAD43100413DA0 /* AppDelegate.swift */; };
		6F3500B024BAD43100413DA0 /* SceneDelegate.swift in Sources */ = {isa = PBXBuildFile; fileRef = 6F3500AF24BAD43100413DA0 /* SceneDelegate.swift */; };
		6F3500B224BAD43100413DA0 /* SwipeVideoPlayerViewController.swift in Sources */ = {isa = PBXBuildFile; fileRef = 6F3500B124BAD43100413DA0 /* SwipeVideoPlayerViewController.swift */; };
		6F3500B524BAD43100413DA0 /* Main.storyboard in Resources */ = {isa = PBXBuildFile; fileRef = 6F3500B324BAD43100413DA0 /* Main.storyboard */; };
		6F3500B724BAD43300413DA0 /* Assets.xcassets in Resources */ = {isa = PBXBuildFile; fileRef = 6F3500B624BAD43300413DA0 /* Assets.xcassets */; };
		6F3500BA24BAD43300413DA0 /* LaunchScreen.storyboard in Resources */ = {isa = PBXBuildFile; fileRef = 6F3500B824BAD43300413DA0 /* LaunchScreen.storyboard */; };
		6FDBAF4724BD7F810013F33A /* CMMotionManager+shared.swift in Sources */ = {isa = PBXBuildFile; fileRef = 6FDBAF4624BD7F810013F33A /* CMMotionManager+shared.swift */; };
		D4847DF524CA38C000ABE387 /* opencv2.framework in Frameworks */ = {isa = PBXBuildFile; fileRef = D4847DF424CA38C000ABE387 /* opencv2.framework */; };
/* End PBXBuildFile section */

/* Begin PBXFileReference section */
		6F0BB9C824BB9836002435AE /* HomeViewController.swift */ = {isa = PBXFileReference; lastKnownFileType = sourcecode.swift; path = HomeViewController.swift; sourceTree = "<group>"; };
		6F3500AA24BAD43100413DA0 /* SwipeVideoPlayer.app */ = {isa = PBXFileReference; explicitFileType = wrapper.application; includeInIndex = 0; path = SwipeVideoPlayer.app; sourceTree = BUILT_PRODUCTS_DIR; };
		6F3500AD24BAD43100413DA0 /* AppDelegate.swift */ = {isa = PBXFileReference; lastKnownFileType = sourcecode.swift; path = AppDelegate.swift; sourceTree = "<group>"; };
		6F3500AF24BAD43100413DA0 /* SceneDelegate.swift */ = {isa = PBXFileReference; lastKnownFileType = sourcecode.swift; path = SceneDelegate.swift; sourceTree = "<group>"; };
		6F3500B124BAD43100413DA0 /* SwipeVideoPlayerViewController.swift */ = {isa = PBXFileReference; lastKnownFileType = sourcecode.swift; path = SwipeVideoPlayerViewController.swift; sourceTree = "<group>"; };
		6F3500B424BAD43100413DA0 /* Base */ = {isa = PBXFileReference; lastKnownFileType = file.storyboard; name = Base; path = Base.lproj/Main.storyboard; sourceTree = "<group>"; };
		6F3500B624BAD43300413DA0 /* Assets.xcassets */ = {isa = PBXFileReference; lastKnownFileType = folder.assetcatalog; path = Assets.xcassets; sourceTree = "<group>"; };
		6F3500B924BAD43300413DA0 /* Base */ = {isa = PBXFileReference; lastKnownFileType = file.storyboard; name = Base; path = Base.lproj/LaunchScreen.storyboard; sourceTree = "<group>"; };
		6F3500BB24BAD43300413DA0 /* Info.plist */ = {isa = PBXFileReference; lastKnownFileType = text.plist.xml; path = Info.plist; sourceTree = "<group>"; };
		6FDBAF4624BD7F810013F33A /* CMMotionManager+shared.swift */ = {isa = PBXFileReference; lastKnownFileType = sourcecode.swift; path = "CMMotionManager+shared.swift"; sourceTree = "<group>"; };
		D4847DF424CA38C000ABE387 /* opencv2.framework */ = {isa = PBXFileReference; lastKnownFileType = wrapper.framework; path = opencv2.framework; sourceTree = "<group>"; };
/* End PBXFileReference section */

/* Begin PBXFrameworksBuildPhase section */
		6F3500A724BAD43100413DA0 /* Frameworks */ = {
			isa = PBXFrameworksBuildPhase;
			buildActionMask = 2147483647;
			files = (
				D4847DF524CA38C000ABE387 /* opencv2.framework in Frameworks */,
			);
			runOnlyForDeploymentPostprocessing = 0;
		};
/* End PBXFrameworksBuildPhase section */

/* Begin PBXGroup section */
		6F3500A124BAD43100413DA0 = {
			isa = PBXGroup;
			children = (
				6F3500AC24BAD43100413DA0 /* SwipeVideoPlayer */,
				6F3500AB24BAD43100413DA0 /* Products */,
			);
			sourceTree = "<group>";
		};
		6F3500AB24BAD43100413DA0 /* Products */ = {
			isa = PBXGroup;
			children = (
				6F3500AA24BAD43100413DA0 /* SwipeVideoPlayer.app */,
			);
			name = Products;
			sourceTree = "<group>";
		};
		6F3500AC24BAD43100413DA0 /* SwipeVideoPlayer */ = {
			isa = PBXGroup;
			children = (
				D4847DF424CA38C000ABE387 /* opencv2.framework */,
				6F3500AD24BAD43100413DA0 /* AppDelegate.swift */,
				6F3500AF24BAD43100413DA0 /* SceneDelegate.swift */,
				6F3500B124BAD43100413DA0 /* SwipeVideoPlayerViewController.swift */,
				6FDBAF4624BD7F810013F33A /* CMMotionManager+shared.swift */,
				6F3500B324BAD43100413DA0 /* Main.storyboard */,
				6F0BB9C824BB9836002435AE /* HomeViewController.swift */,
				6F3500B624BAD43300413DA0 /* Assets.xcassets */,
				6F3500B824BAD43300413DA0 /* LaunchScreen.storyboard */,
				6F3500BB24BAD43300413DA0 /* Info.plist */,
			);
			path = SwipeVideoPlayer;
			sourceTree = "<group>";
		};
/* End PBXGroup section */

/* Begin PBXNativeTarget section */
		6F3500A924BAD43100413DA0 /* SwipeVideoPlayer */ = {
			isa = PBXNativeTarget;
			buildConfigurationList = 6F3500BE24BAD43300413DA0 /* Build configuration list for PBXNativeTarget "SwipeVideoPlayer" */;
			buildPhases = (
				6F3500A624BAD43100413DA0 /* Sources */,
				6F3500A724BAD43100413DA0 /* Frameworks */,
				6F3500A824BAD43100413DA0 /* Resources */,
			);
			buildRules = (
			);
			dependencies = (
			);
			name = SwipeVideoPlayer;
			productName = SwipeVideoPlayer;
			productReference = 6F3500AA24BAD43100413DA0 /* SwipeVideoPlayer.app */;
			productType = "com.apple.product-type.application";
		};
/* End PBXNativeTarget section */

/* Begin PBXProject section */
		6F3500A224BAD43100413DA0 /* Project object */ = {
			isa = PBXProject;
			attributes = {
				LastSwiftUpdateCheck = 1150;
				LastUpgradeCheck = 1150;
				ORGANIZATIONNAME = "Renjie Shao";
				TargetAttributes = {
					6F3500A924BAD43100413DA0 = {
						CreatedOnToolsVersion = 11.5;
						LastSwiftMigration = 1160;
					};
				};
			};
			buildConfigurationList = 6F3500A524BAD43100413DA0 /* Build configuration list for PBXProject "SwipeVideoPlayer" */;
			compatibilityVersion = "Xcode 9.3";
			developmentRegion = en;
			hasScannedForEncodings = 0;
			knownRegions = (
				en,
				Base,
			);
			mainGroup = 6F3500A124BAD43100413DA0;
			productRefGroup = 6F3500AB24BAD43100413DA0 /* Products */;
			projectDirPath = "";
			projectRoot = "";
			targets = (
				6F3500A924BAD43100413DA0 /* SwipeVideoPlayer */,
			);
		};
/* End PBXProject section */

/* Begin PBXResourcesBuildPhase section */
		6F3500A824BAD43100413DA0 /* Resources */ = {
			isa = PBXResourcesBuildPhase;
			buildActionMask = 2147483647;
			files = (
				6F3500BA24BAD43300413DA0 /* LaunchScreen.storyboard in Resources */,
				6F3500B724BAD43300413DA0 /* Assets.xcassets in Resources */,
				6F3500B524BAD43100413DA0 /* Main.storyboard in Resources */,
			);
			runOnlyForDeploymentPostprocessing = 0;
		};
/* End PBXResourcesBuildPhase section */

/* Begin PBXSourcesBuildPhase section */
		6F3500A624BAD43100413DA0 /* Sources */ = {
			isa = PBXSourcesBuildPhase;
			buildActionMask = 2147483647;
			files = (
				6FDBAF4724BD7F810013F33A /* CMMotionManager+shared.swift in Sources */,
				6F3500B224BAD43100413DA0 /* SwipeVideoPlayerViewController.swift in Sources */,
				6F3500AE24BAD43100413DA0 /* AppDelegate.swift in Sources */,
				6F3500B024BAD43100413DA0 /* SceneDelegate.swift in Sources */,
				6F0BB9C924BB9836002435AE /* HomeViewController.swift in Sources */,
			);
			runOnlyForDeploymentPostprocessing = 0;
		};
/* End PBXSourcesBuildPhase section */

/* Begin PBXVariantGroup section */
		6F3500B324BAD43100413DA0 /* Main.storyboard */ = {
			isa = PBXVariantGroup;
			children = (
				6F3500B424BAD43100413DA0 /* Base */,
			);
			name = Main.storyboard;
			sourceTree = "<group>";
		};
		6F3500B824BAD43300413DA0 /* LaunchScreen.storyboard */ = {
			isa = PBXVariantGroup;
			children = (
				6F3500B924BAD43300413DA0 /* Base */,
			);
			name = LaunchScreen.storyboard;
			sourceTree = "<group>";
		};
/* End PBXVariantGroup section */

/* Begin XCBuildConfiguration section */
		6F3500BC24BAD43300413DA0 /* Debug */ = {
			isa = XCBuildConfiguration;
			buildSettings = {
				ALWAYS_SEARCH_USER_PATHS = NO;
				CLANG_ANALYZER_NONNULL = YES;
				CLANG_ANALYZER_NUMBER_OBJECT_CONVERSION = YES_AGGRESSIVE;
				CLANG_CXX_LANGUAGE_STANDARD = "gnu++14";
				CLANG_CXX_LIBRARY = "libc++";
				CLANG_ENABLE_MODULES = YES;
				CLANG_ENABLE_OBJC_ARC = YES;
				CLANG_ENABLE_OBJC_WEAK = YES;
				CLANG_WARN_BLOCK_CAPTURE_AUTORELEASING = YES;
				CLANG_WARN_BOOL_CONVERSION = YES;
				CLANG_WARN_COMMA = YES;
				CLANG_WARN_CONSTANT_CONVERSION = YES;
				CLANG_WARN_DEPRECATED_OBJC_IMPLEMENTATIONS = YES;
				CLANG_WARN_DIRECT_OBJC_ISA_USAGE = YES_ERROR;
				CLANG_WARN_DOCUMENTATION_COMMENTS = YES;
				CLANG_WARN_EMPTY_BODY = YES;
				CLANG_WARN_ENUM_CONVERSION = YES;
				CLANG_WARN_INFINITE_RECURSION = YES;
				CLANG_WARN_INT_CONVERSION = YES;
				CLANG_WARN_NON_LITERAL_NULL_CONVERSION = YES;
				CLANG_WARN_OBJC_IMPLICIT_RETAIN_SELF = YES;
				CLANG_WARN_OBJC_LITERAL_CONVERSION = YES;
				CLANG_WARN_OBJC_ROOT_CLASS = YES_ERROR;
				CLANG_WARN_RANGE_LOOP_ANALYSIS = YES;
				CLANG_WARN_STRICT_PROTOTYPES = YES;
				CLANG_WARN_SUSPICIOUS_MOVE = YES;
				CLANG_WARN_UNGUARDED_AVAILABILITY = YES_AGGRESSIVE;
				CLANG_WARN_UNREACHABLE_CODE = YES;
				CLANG_WARN__DUPLICATE_METHOD_MATCH = YES;
				COPY_PHASE_STRIP = NO;
				DEBUG_INFORMATION_FORMAT = dwarf;
				ENABLE_STRICT_OBJC_MSGSEND = YES;
				ENABLE_TESTABILITY = YES;
				GCC_C_LANGUAGE_STANDARD = gnu11;
				GCC_DYNAMIC_NO_PIC = NO;
				GCC_NO_COMMON_BLOCKS = YES;
				GCC_OPTIMIZATION_LEVEL = 0;
				GCC_PREPROCESSOR_DEFINITIONS = (
					"DEBUG=1",
					"$(inherited)",
				);
				GCC_WARN_64_TO_32_BIT_CONVERSION = YES;
				GCC_WARN_ABOUT_RETURN_TYPE = YES_ERROR;
				GCC_WARN_UNDECLARED_SELECTOR = YES;
				GCC_WARN_UNINITIALIZED_AUTOS = YES_AGGRESSIVE;
				GCC_WARN_UNUSED_FUNCTION = YES;
				GCC_WARN_UNUSED_VARIABLE = YES;
				IPHONEOS_DEPLOYMENT_TARGET = 12.0;
				MTL_ENABLE_DEBUG_INFO = INCLUDE_SOURCE;
				MTL_FAST_MATH = YES;
				ONLY_ACTIVE_ARCH = YES;
				SDKROOT = iphoneos;
				SWIFT_ACTIVE_COMPILATION_CONDITIONS = DEBUG;
				SWIFT_OPTIMIZATION_LEVEL = "-Onone";
			};
			name = Debug;
		};
		6F3500BD24BAD43300413DA0 /* Release */ = {
			isa = XCBuildConfiguration;
			buildSettings = {
				ALWAYS_SEARCH_USER_PATHS = NO;
				CLANG_ANALYZER_NONNULL = YES;
				CLANG_ANALYZER_NUMBER_OBJECT_CONVERSION = YES_AGGRESSIVE;
				CLANG_CXX_LANGUAGE_STANDARD = "gnu++14";
				CLANG_CXX_LIBRARY = "libc++";
				CLANG_ENABLE_MODULES = YES;
				CLANG_ENABLE_OBJC_ARC = YES;
				CLANG_ENABLE_OBJC_WEAK = YES;
				CLANG_WARN_BLOCK_CAPTURE_AUTORELEASING = YES;
				CLANG_WARN_BOOL_CONVERSION = YES;
				CLANG_WARN_COMMA = YES;
				CLANG_WARN_CONSTANT_CONVERSION = YES;
				CLANG_WARN_DEPRECATED_OBJC_IMPLEMENTATIONS = YES;
				CLANG_WARN_DIRECT_OBJC_ISA_USAGE = YES_ERROR;
				CLANG_WARN_DOCUMENTATION_COMMENTS = YES;
				CLANG_WARN_EMPTY_BODY = YES;
				CLANG_WARN_ENUM_CONVERSION = YES;
				CLANG_WARN_INFINITE_RECURSION = YES;
				CLANG_WARN_INT_CONVERSION = YES;
				CLANG_WARN_NON_LITERAL_NULL_CONVERSION = YES;
				CLANG_WARN_OBJC_IMPLICIT_RETAIN_SELF = YES;
				CLANG_WARN_OBJC_LITERAL_CONVERSION = YES;
				CLANG_WARN_OBJC_ROOT_CLASS = YES_ERROR;
				CLANG_WARN_RANGE_LOOP_ANALYSIS = YES;
				CLANG_WARN_STRICT_PROTOTYPES = YES;
				CLANG_WARN_SUSPICIOUS_MOVE = YES;
				CLANG_WARN_UNGUARDED_AVAILABILITY = YES_AGGRESSIVE;
				CLANG_WARN_UNREACHABLE_CODE = YES;
				CLANG_WARN__DUPLICATE_METHOD_MATCH = YES;
				COPY_PHASE_STRIP = NO;
				DEBUG_INFORMATION_FORMAT = "dwarf-with-dsym";
				ENABLE_NS_ASSERTIONS = NO;
				ENABLE_STRICT_OBJC_MSGSEND = YES;
				GCC_C_LANGUAGE_STANDARD = gnu11;
				GCC_NO_COMMON_BLOCKS = YES;
				GCC_WARN_64_TO_32_BIT_CONVERSION = YES;
				GCC_WARN_ABOUT_RETURN_TYPE = YES_ERROR;
				GCC_WARN_UNDECLARED_SELECTOR = YES;
				GCC_WARN_UNINITIALIZED_AUTOS = YES_AGGRESSIVE;
				GCC_WARN_UNUSED_FUNCTION = YES;
				GCC_WARN_UNUSED_VARIABLE = YES;
				IPHONEOS_DEPLOYMENT_TARGET = 12.0;
				MTL_ENABLE_DEBUG_INFO = NO;
				MTL_FAST_MATH = YES;
				SDKROOT = iphoneos;
				SWIFT_COMPILATION_MODE = wholemodule;
				SWIFT_OPTIMIZATION_LEVEL = "-O";
				VALIDATE_PRODUCT = YES;
			};
			name = Release;
		};
		6F3500BF24BAD43300413DA0 /* Debug */ = {
			isa = XCBuildConfiguration;
			buildSettings = {
				ASSETCATALOG_COMPILER_APPICON_NAME = AppIcon;
				CLANG_ENABLE_MODULES = YES;
				CODE_SIGN_STYLE = Automatic;
				DEVELOPMENT_TEAM = W4Z3HVU5N5;
				FRAMEWORK_SEARCH_PATHS = (
					"$(inherited)",
					"$(PROJECT_DIR)/SwipeVideoPlayer",
				);
				INFOPLIST_FILE = SwipeVideoPlayer/Info.plist;
				LD_RUNPATH_SEARCH_PATHS = (
					"$(inherited)",
					"@executable_path/Frameworks",
				);
				PRODUCT_BUNDLE_IDENTIFIER = eud.ucsd.a53305328.SwipeVideoPlayer;
				PRODUCT_NAME = "$(TARGET_NAME)";
				SWIFT_OBJC_BRIDGING_HEADER = "SwipeVideoPlayer-Bridging-Header.h";
				SWIFT_OPTIMIZATION_LEVEL = "-Onone";
				SWIFT_VERSION = 5.0;
				TARGETED_DEVICE_FAMILY = "1,2";
			};
			name = Debug;
		};
		6F3500C024BAD43300413DA0 /* Release */ = {
			isa = XCBuildConfiguration;
			buildSettings = {
				ASSETCATALOG_COMPILER_APPICON_NAME = AppIcon;
				CLANG_ENABLE_MODULES = YES;
				CODE_SIGN_STYLE = Automatic;
				DEVELOPMENT_TEAM = W4Z3HVU5N5;
				FRAMEWORK_SEARCH_PATHS = (
					"$(inherited)",
					"$(PROJECT_DIR)/SwipeVideoPlayer",
				);
				INFOPLIST_FILE = SwipeVideoPlayer/Info.plist;
				LD_RUNPATH_SEARCH_PATHS = (
					"$(inherited)",
					"@executable_path/Frameworks",
				);
				PRODUCT_BUNDLE_IDENTIFIER = eud.ucsd.a53305328.SwipeVideoPlayer;
				PRODUCT_NAME = "$(TARGET_NAME)";
				SWIFT_OBJC_BRIDGING_HEADER = "SwipeVideoPlayer-Bridging-Header.h";
				SWIFT_VERSION = 5.0;
				TARGETED_DEVICE_FAMILY = "1,2";
			};
			name = Release;
		};
/* End XCBuildConfiguration section */

/* Begin XCConfigurationList section */
		6F3500A524BAD43100413DA0 /* Build configuration list for PBXProject "SwipeVideoPlayer" */ = {
			isa = XCConfigurationList;
			buildConfigurations = (
				6F3500BC24BAD43300413DA0 /* Debug */,
				6F3500BD24BAD43300413DA0 /* Release */,
			);
			defaultConfigurationIsVisible = 0;
			defaultConfigurationName = Release;
		};
		6F3500BE24BAD43300413DA0 /* Build configuration list for PBXNativeTarget "SwipeVideoPlayer" */ = {
			isa = XCConfigurationList;
			buildConfigurations = (
				6F3500BF24BAD43300413DA0 /* Debug */,
				6F3500C024BAD43300413DA0 /* Release */,
			);
			defaultConfigurationIsVisible = 0;
			defaultConfigurationName = Release;
		};
/* End XCConfigurationList section */
	};
	rootObject = 6F3500A224BAD43100413DA0 /* Project object */;
}
